
Microsoft Visual Studio Solution File, Format Version 12.00
# Visual Studio Version 17
VisualStudioVersion = 17.4.33205.214
MinimumVisualStudioVersion = 10.0.40219.1
Project("{FAE04EC0-301F-11D3-BF4B-00C04F79EFBC}") = "Hello World", "Hello World\Hello World.csproj", "{7C0D4CBD-12CA-4E25-BF22-443ED63D4B3C}"
EndProject
Global
	GlobalSection(SolutionConfigurationPlatforms) = preSolution
		Debug|Any CPU = Debug|Any CPU
		Release|Any CPU = Release|Any CPU
	EndGlobalSection
	GlobalSection(ProjectConfigurationPlatforms) = postSolution
		{7C0D4CBD-12CA-4E25-BF22-443ED63D4B3C}.Debug|Any CPU.ActiveCfg = Debug|Any CPU
		{7C0D4CBD-12CA-4E25-BF22-443ED63D4B3C}.Debug|Any CPU.Build.0 = Debug|Any CPU
		{7C0D4CBD-12CA-4E25-BF22-443ED63D4B3C}.Release|Any CPU.ActiveCfg = Release|Any CPU
		{7C0D4CBD-12CA-4E25-BF22-443ED63D4B3C}.Release|Any CPU.Build.0 = Release|Any CPU
	EndGlobalSection
	GlobalSection(SolutionProperties) = preSolution
		HideSolutionNode = FALSE
	EndGlobalSection
	GlobalSection(ExtensibilityGlobals) = postSolution
		SolutionGuid = {49D0CC23-7D59-471C-A908-86FE05A7B742}
	EndGlobalSection
EndGlobal
